
Microsoft Visual Studio Solution File, Format Version 12.00
# Visual Studio 15
Project("{FAE04EC0-301F-11D3-BF4B-00C04F79EFBC}") = "Assembly-CSharp", "Assembly-CSharp.csproj", "{BDDBAC2A-44FD-2F1A-214D-670295F33315}"
EndProject
Global
	GlobalSection(SolutionConfigurationPlatforms) = preSolution
		Debug|Any CPU = Debug|Any CPU
		Release|Any CPU = Release|Any CPU
	EndGlobalSection
	GlobalSection(ProjectConfigurationPlatforms) = postSolution
		{BDDBAC2A-44FD-2F1A-214D-670295F33315}.Debug|Any CPU.ActiveCfg = Debug|Any CPU
		{BDDBAC2A-44FD-2F1A-214D-670295F33315}.Debug|Any CPU.Build.0 = Debug|Any CPU
		{BDDBAC2A-44FD-2F1A-214D-670295F33315}.Release|Any CPU.ActiveCfg = Release|Any CPU
		{BDDBAC2A-44FD-2F1A-214D-670295F33315}.Release|Any CPU.Build.0 = Release|Any CPU
	EndGlobalSection
	GlobalSection(SolutionProperties) = preSolution
		HideSolutionNode = FALSE
	EndGlobalSection
EndGlobal
